
Microsoft Visual Studio Solution File, Format Version 12.00
# Visual Studio Version 17
VisualStudioVersion = 17.4.33110.190
MinimumVisualStudioVersion = 10.0.40219.1
Project("{FAE04EC0-301F-11D3-BF4B-00C04F79EFBC}") = "SofEFCoreHT3", "SofEFCoreHT3\SofEFCoreHT3.csproj", "{31E81100-DAF5-4AAF-98D1-8F8EE1C6CEEF}"
EndProject
Global
	GlobalSection(SolutionConfigurationPlatforms) = preSolution
		Debug|Any CPU = Debug|Any CPU
		Release|Any CPU = Release|Any CPU
	EndGlobalSection
	GlobalSection(ProjectConfigurationPlatforms) = postSolution
		{31E81100-DAF5-4AAF-98D1-8F8EE1C6CEEF}.Debug|Any CPU.ActiveCfg = Debug|Any CPU
		{31E81100-DAF5-4AAF-98D1-8F8EE1C6CEEF}.Debug|Any CPU.Build.0 = Debug|Any CPU
		{31E81100-DAF5-4AAF-98D1-8F8EE1C6CEEF}.Release|Any CPU.ActiveCfg = Release|Any CPU
		{31E81100-DAF5-4AAF-98D1-8F8EE1C6CEEF}.Release|Any CPU.Build.0 = Release|Any CPU
	EndGlobalSection
	GlobalSection(SolutionProperties) = preSolution
		HideSolutionNode = FALSE
	EndGlobalSection
	GlobalSection(ExtensibilityGlobals) = postSolution
		SolutionGuid = {95628858-AF65-4484-B8CF-92499268B5DE}
	EndGlobalSection
EndGlobal
